
Microsoft Visual Studio Solution File, Format Version 12.00
# Visual Studio Version 17
VisualStudioVersion = 17.3.32804.467
MinimumVisualStudioVersion = 10.0.40219.1
Project("{FAE04EC0-301F-11D3-BF4B-00C04F79EFBC}") = "practice 22", "practice 22\practice 22.csproj", "{46DEABC2-A16F-459F-ADD1-EC8ED2D7D762}"
EndProject
Global
	GlobalSection(SolutionConfigurationPlatforms) = preSolution
		Debug|Any CPU = Debug|Any CPU
		Release|Any CPU = Release|Any CPU
	EndGlobalSection
	GlobalSection(ProjectConfigurationPlatforms) = postSolution
		{46DEABC2-A16F-459F-ADD1-EC8ED2D7D762}.Debug|Any CPU.ActiveCfg = Debug|Any CPU
		{46DEABC2-A16F-459F-ADD1-EC8ED2D7D762}.Debug|Any CPU.Build.0 = Debug|Any CPU
		{46DEABC2-A16F-459F-ADD1-EC8ED2D7D762}.Release|Any CPU.ActiveCfg = Release|Any CPU
		{46DEABC2-A16F-459F-ADD1-EC8ED2D7D762}.Release|Any CPU.Build.0 = Release|Any CPU
	EndGlobalSection
	GlobalSection(SolutionProperties) = preSolution
		HideSolutionNode = FALSE
	EndGlobalSection
	GlobalSection(ExtensibilityGlobals) = postSolution
		SolutionGuid = {860881A9-8CAF-4F12-8861-EF3631E07A4D}
	EndGlobalSection
EndGlobal
